{
  "name": "apick-mcp",
  "version": "4.2.0",
  "lockfileVersion": 3,
  "requires": true,
  "packages": {
    "": {
      "name": "apick-mcp",
      "version": "4.2.0",
      "license": "MIT",
      "bin": {
        "apick-mcp": "src/index.js"
      },
      "engines": {
        "node": ">=18"
      }
    }
  }
}
